
Microsoft Visual Studio Solution File, Format Version 12.00
# Visual Studio 15
Project("{FAE04EC0-301F-11D3-BF4B-00C04F79EFBC}") = "TextAdventurePractice", "TextAdventurePractice\TextAdventurePractice.csproj", "{C0A9B6D3-BEBC-4978-B335-84F3914958EA}"
EndProject
Global
	GlobalSection(SolutionConfigurationPlatforms) = preSolution
		Debug|Any CPU = Debug|Any CPU
		Release|Any CPU = Release|Any CPU
	EndGlobalSection
	GlobalSection(ProjectConfigurationPlatforms) = postSolution
		{C0A9B6D3-BEBC-4978-B335-84F3914958EA}.Debug|Any CPU.ActiveCfg = Debug|Any CPU
		{C0A9B6D3-BEBC-4978-B335-84F3914958EA}.Debug|Any CPU.Build.0 = Debug|Any CPU
		{C0A9B6D3-BEBC-4978-B335-84F3914958EA}.Release|Any CPU.ActiveCfg = Release|Any CPU
		{C0A9B6D3-BEBC-4978-B335-84F3914958EA}.Release|Any CPU.Build.0 = Release|Any CPU
	EndGlobalSection
EndGlobal
